
Microsoft Visual Studio Solution File, Format Version 12.00
# Visual Studio Version 17
VisualStudioVersion = 17.5.33502.453
MinimumVisualStudioVersion = 10.0.40219.1
Project("{FAE04EC0-301F-11D3-BF4B-00C04F79EFBC}") = "TCP client", "TCP client.csproj", "{2D9BE60D-9011-48D1-A317-EA97E373A1BA}"
EndProject
Global
	GlobalSection(SolutionConfigurationPlatforms) = preSolution
		Debug|Any CPU = Debug|Any CPU
		Release|Any CPU = Release|Any CPU
	EndGlobalSection
	GlobalSection(ProjectConfigurationPlatforms) = postSolution
		{2D9BE60D-9011-48D1-A317-EA97E373A1BA}.Debug|Any CPU.ActiveCfg = Debug|Any CPU
		{2D9BE60D-9011-48D1-A317-EA97E373A1BA}.Debug|Any CPU.Build.0 = Debug|Any CPU
		{2D9BE60D-9011-48D1-A317-EA97E373A1BA}.Release|Any CPU.ActiveCfg = Release|Any CPU
		{2D9BE60D-9011-48D1-A317-EA97E373A1BA}.Release|Any CPU.Build.0 = Release|Any CPU
	EndGlobalSection
	GlobalSection(SolutionProperties) = preSolution
		HideSolutionNode = FALSE
	EndGlobalSection
	GlobalSection(ExtensibilityGlobals) = postSolution
		SolutionGuid = {E8AD8500-0309-49ED-995E-6A78EFBF68F0}
	EndGlobalSection
EndGlobal
